
Microsoft Visual Studio Solution File, Format Version 12.00
# Visual Studio 15
VisualStudioVersion = 15.0.28307.902
MinimumVisualStudioVersion = 10.0.40219.1
Project("{9A19103F-16F7-4668-BE54-9A1E7A4F7556}") = "FeedMe.Web", "FeedMe\FeedMe.Web.csproj", "{29CD212B-0B07-44A2-AD0B-5CBD90DA8E3F}"
EndProject
Project("{9A19103F-16F7-4668-BE54-9A1E7A4F7556}") = "FeedMe.Repositories", "FeedMe.Repositories\FeedMe.Repositories.csproj", "{06964A0A-FD45-4A50-8A43-D15AEA704B23}"
EndProject
Project("{9A19103F-16F7-4668-BE54-9A1E7A4F7556}") = "FeedMe.Domains", "FeedMe.Domains\FeedMe.Domains.csproj", "{BFCC59FB-ABFC-4D5E-8725-FE26A03C3958}"
EndProject
Project("{9A19103F-16F7-4668-BE54-9A1E7A4F7556}") = "FeedMe.Services", "FeedMe.Services\FeedMe.Services.csproj", "{3D03132A-EF6A-4DCB-94D5-FE8CC1D13C74}"
EndProject
Global
	GlobalSection(SolutionConfigurationPlatforms) = preSolution
		Debug|Any CPU = Debug|Any CPU
		Release|Any CPU = Release|Any CPU
	EndGlobalSection
	GlobalSection(ProjectConfigurationPlatforms) = postSolution
		{29CD212B-0B07-44A2-AD0B-5CBD90DA8E3F}.Debug|Any CPU.ActiveCfg = Debug|Any CPU
		{29CD212B-0B07-44A2-AD0B-5CBD90DA8E3F}.Debug|Any CPU.Build.0 = Debug|Any CPU
		{29CD212B-0B07-44A2-AD0B-5CBD90DA8E3F}.Release|Any CPU.ActiveCfg = Release|Any CPU
		{29CD212B-0B07-44A2-AD0B-5CBD90DA8E3F}.Release|Any CPU.Build.0 = Release|Any CPU
		{06964A0A-FD45-4A50-8A43-D15AEA704B23}.Debug|Any CPU.ActiveCfg = Debug|Any CPU
		{06964A0A-FD45-4A50-8A43-D15AEA704B23}.Debug|Any CPU.Build.0 = Debug|Any CPU
		{06964A0A-FD45-4A50-8A43-D15AEA704B23}.Release|Any CPU.ActiveCfg = Release|Any CPU
		{06964A0A-FD45-4A50-8A43-D15AEA704B23}.Release|Any CPU.Build.0 = Release|Any CPU
		{BFCC59FB-ABFC-4D5E-8725-FE26A03C3958}.Debug|Any CPU.ActiveCfg = Debug|Any CPU
		{BFCC59FB-ABFC-4D5E-8725-FE26A03C3958}.Debug|Any CPU.Build.0 = Debug|Any CPU
		{BFCC59FB-ABFC-4D5E-8725-FE26A03C3958}.Release|Any CPU.ActiveCfg = Release|Any CPU
		{BFCC59FB-ABFC-4D5E-8725-FE26A03C3958}.Release|Any CPU.Build.0 = Release|Any CPU
		{3D03132A-EF6A-4DCB-94D5-FE8CC1D13C74}.Debug|Any CPU.ActiveCfg = Debug|Any CPU
		{3D03132A-EF6A-4DCB-94D5-FE8CC1D13C74}.Debug|Any CPU.Build.0 = Debug|Any CPU
		{3D03132A-EF6A-4DCB-94D5-FE8CC1D13C74}.Release|Any CPU.ActiveCfg = Release|Any CPU
		{3D03132A-EF6A-4DCB-94D5-FE8CC1D13C74}.Release|Any CPU.Build.0 = Release|Any CPU
	EndGlobalSection
	GlobalSection(SolutionProperties) = preSolution
		HideSolutionNode = FALSE
	EndGlobalSection
	GlobalSection(ExtensibilityGlobals) = postSolution
		SolutionGuid = {95985EF1-7F30-40AC-B47A-04BAC7F8E628}
	EndGlobalSection
EndGlobal
